{
  "name": "book-review-app",
  "lockfileVersion": 3,
  "requires": true,
  "packages": {
    "": {
      "dependencies": {
        "@azure/mcp": "^2.0.0-beta.36"
      }
    },
    "node_modules/@azure/mcp": {
      "version": "2.0.0-beta.36",
      "resolved": "https://registry.npmjs.org/@azure/mcp/-/mcp-2.0.0-beta.36.tgz",
      "integrity": "sha512-xJu9Rz0r8E37/fiSPawgSlXpbK3dr2Xb18gnfLsiNzKowiyF5atnYsfnMKgoc0iagtxm+yP2g+GMyANec7fibg==",
      "cpu": [
        "x64",
        "arm64"
      ],
      "hasInstallScript": true,
      "license": "MIT",
      "os": [
        "linux",
        "darwin",
        "win32"
      ],
      "bin": {
        "azmcp": "index.js"
      },
      "engines": {
        "node": ">=20.0.0"
      },
      "optionalDependencies": {
        "@azure/mcp-darwin-arm64": "2.0.0-beta.36",
        "@azure/mcp-darwin-x64": "2.0.0-beta.36",
        "@azure/mcp-linux-arm64": "2.0.0-beta.36",
        "@azure/mcp-linux-x64": "2.0.0-beta.36",
        "@azure/mcp-win32-arm64": "2.0.0-beta.36",
        "@azure/mcp-win32-x64": "2.0.0-beta.36"
      }
    },
    "node_modules/@azure/mcp-darwin-arm64": {
      "version": "2.0.0-beta.36",
      "resolved": "https://registry.npmjs.org/@azure/mcp-darwin-arm64/-/mcp-darwin-arm64-2.0.0-beta.36.tgz",
      "integrity": "sha512-kNgOQgsRJaS7B+NXdDhHmvye+SadJFSJlOVYRdXKm4girNFGGG4oo2ANJoW0U8J67CmzJEXZcmmlDnOGCbVf3w==",
      "cpu": [
        "arm64"
      ],
      "license": "MIT",
      "optional": true,
      "os": [
        "darwin"
      ],
      "bin": {
        "azmcp-darwin-arm64": "dist/azmcp"
      },
      "engines": {
        "node": ">=20.0.0"
      }
    },
    "node_modules/@azure/mcp-darwin-x64": {
      "version": "2.0.0-beta.36",
      "resolved": "https://registry.npmjs.org/@azure/mcp-darwin-x64/-/mcp-darwin-x64-2.0.0-beta.36.tgz",
      "integrity": "sha512-X7GrdonGlBjCFgbNs52DB1yquXTqk0m8933EXdZIFDZ+wvRC2tfhaqdpMkDVS9liSRUnju5Pyeg9H34VQuELJw==",
      "cpu": [
        "x64"
      ],
      "license": "MIT",
      "optional": true,
      "os": [
        "darwin"
      ],
      "bin": {
        "azmcp-darwin-x64": "dist/azmcp"
      },
      "engines": {
        "node": ">=20.0.0"
      }
    },
    "node_modules/@azure/mcp-linux-arm64": {
      "version": "2.0.0-beta.36",
      "resolved": "https://registry.npmjs.org/@azure/mcp-linux-arm64/-/mcp-linux-arm64-2.0.0-beta.36.tgz",
      "integrity": "sha512-79Ntgp6n3uRWfi7UQ9/wwUSdO+SBjzXRrpte2ptFkWj0t9SSH+cRmJeX+PjZ6FsdxOSFbKK5dDcc3L+vCMV78Q==",
      "cpu": [
        "arm64"
      ],
      "license": "MIT",
      "optional": true,
      "os": [
        "linux"
      ],
      "bin": {
        "azmcp-linux-arm64": "dist/azmcp"
      },
      "engines": {
        "node": ">=20.0.0"
      }
    },
    "node_modules/@azure/mcp-linux-x64": {
      "version": "2.0.0-beta.36",
      "resolved": "https://registry.npmjs.org/@azure/mcp-linux-x64/-/mcp-linux-x64-2.0.0-beta.36.tgz",
      "integrity": "sha512-o7FKVTjNbFdBtB9txH3J5Kp4EnkCdcYSBV9QmqEt8c4XJwib1hMkO/ZNV8az3bGVfMPfNaowDkm2dskazkOTxQ==",
      "cpu": [
        "x64"
      ],
      "license": "MIT",
      "optional": true,
      "os": [
        "linux"
      ],
      "bin": {
        "azmcp-linux-x64": "dist/azmcp"
      },
      "engines": {
        "node": ">=20.0.0"
      }
    },
    "node_modules/@azure/mcp-win32-arm64": {
      "version": "2.0.0-beta.36",
      "resolved": "https://registry.npmjs.org/@azure/mcp-win32-arm64/-/mcp-win32-arm64-2.0.0-beta.36.tgz",
      "integrity": "sha512-IA/ehr3rQiRR89vhbbxHs+I4SQ9qUlNpRfj/MKP0injkJckGi5WhRxKxlUB3u2YZesedWdDSHf3j3SA3UWMWhA==",
      "cpu": [
        "arm64"
      ],
      "license": "MIT",
      "optional": true,
      "os": [
        "win32"
      ],
      "bin": {
        "azmcp-win32-arm64": "dist/azmcp.exe"
      },
      "engines": {
        "node": ">=20.0.0"
      }
    },
    "node_modules/@azure/mcp-win32-x64": {
      "version": "2.0.0-beta.36",
      "resolved": "https://registry.npmjs.org/@azure/mcp-win32-x64/-/mcp-win32-x64-2.0.0-beta.36.tgz",
      "integrity": "sha512-QtGeF2j+OqIzZLfHM/IeyINNHu5ZUMkR8+KciolmclO6MYdqYy8fwoumdKBDCcgc+Rz98QnEXtuCXUAIbmH1hA==",
      "cpu": [
        "x64"
      ],
      "license": "MIT",
      "optional": true,
      "os": [
        "win32"
      ],
      "bin": {
        "azmcp-win32-x64": "dist/azmcp.exe"
      },
      "engines": {
        "node": ">=20.0.0"
      }
    }
  }
}
